
Microsoft Visual Studio Solution File, Format Version 12.00
# Visual Studio Version 17
VisualStudioVersion = 17.10.35013.160
MinimumVisualStudioVersion = 10.0.40219.1
Project("{FAE04EC0-301F-11D3-BF4B-00C04F79EFBC}") = "Company.G03.PL", "Company.G03.PL\Company.G03.PL.csproj", "{201DF388-EBC6-4A20-AD7A-40CFF3F3B9F4}"
EndProject
Global
	GlobalSection(SolutionConfigurationPlatforms) = preSolution
		Debug|Any CPU = Debug|Any CPU
		Release|Any CPU = Release|Any CPU
	EndGlobalSection
	GlobalSection(ProjectConfigurationPlatforms) = postSolution
		{201DF388-EBC6-4A20-AD7A-40CFF3F3B9F4}.Debug|Any CPU.ActiveCfg = Debug|Any CPU
		{201DF388-EBC6-4A20-AD7A-40CFF3F3B9F4}.Debug|Any CPU.Build.0 = Debug|Any CPU
		{201DF388-EBC6-4A20-AD7A-40CFF3F3B9F4}.Release|Any CPU.ActiveCfg = Release|Any CPU
		{201DF388-EBC6-4A20-AD7A-40CFF3F3B9F4}.Release|Any CPU.Build.0 = Release|Any CPU
	EndGlobalSection
	GlobalSection(SolutionProperties) = preSolution
		HideSolutionNode = FALSE
	EndGlobalSection
	GlobalSection(ExtensibilityGlobals) = postSolution
		SolutionGuid = {2F2A6F61-CFA8-486F-ACB9-35D9F682AF02}
	EndGlobalSection
EndGlobal
